{
  "name": "goldenlayoutdemo",
  "version": "1.0.0",
  "lockfileVersion": 2,
  "requires": true,
  "packages": {
    "": {
      "name": "goldenlayoutdemo",
      "version": "1.0.0",
      "license": "ISC",
      "dependencies": {
        "golden-layout": "^2.6.0"
      }
    },
    "node_modules/golden-layout": {
      "version": "2.6.0",
      "resolved": "https://registry.npmjs.org/golden-layout/-/golden-layout-2.6.0.tgz",
      "integrity": "sha512-sIVQCiRWOymHbVD1Aw/T9/ijbPYAVGBlgGYd1N9MRKfcyBNSpjr87Vg9nSHm+RCT8ELrvK8IJYJV0QRJuVUkCQ=="
    }
  },
  "dependencies": {
    "golden-layout": {
      "version": "2.6.0",
      "resolved": "https://registry.npmjs.org/golden-layout/-/golden-layout-2.6.0.tgz",
      "integrity": "sha512-sIVQCiRWOymHbVD1Aw/T9/ijbPYAVGBlgGYd1N9MRKfcyBNSpjr87Vg9nSHm+RCT8ELrvK8IJYJV0QRJuVUkCQ=="
    }
  }
}
